
Microsoft Visual Studio Solution File, Format Version 12.00
# Visual Studio 15
VisualStudioVersion = 15.0.28307.489
MinimumVisualStudioVersion = 10.0.40219.1
Project("{8BC9CEB8-8B4A-11D0-8D11-00A0C91BC942}") = "TASQuake", "TASQuake.vcxproj", "{8BAAFF94-EA92-4366-9B4F-B9E9F896CF1D}"
EndProject
Project("{8BC9CEB8-8B4A-11D0-8D11-00A0C91BC942}") = "libpng", "libpng.vcxproj", "{3CD1704B-FA01-4118-B162-17AF0D83D7CF}"
EndProject
Project("{8BC9CEB8-8B4A-11D0-8D11-00A0C91BC942}") = "libjpeg", "libjpeg.vcxproj", "{A20A6471-689F-4BC1-9455-5BDB988687F0}"
EndProject
Project("{8BC9CEB8-8B4A-11D0-8D11-00A0C91BC942}") = "zlib", "zlib.vcxproj", "{713B5079-4CC3-473A-9A8B-B6099ACFFE0C}"
EndProject
Global
	GlobalSection(SolutionConfigurationPlatforms) = preSolution
		Debug|x64 = Debug|x64
		Debug|x86 = Debug|x86
		Release|x64 = Release|x64
		Release|x86 = Release|x86
	EndGlobalSection
	GlobalSection(ProjectConfigurationPlatforms) = postSolution
		{8BAAFF94-EA92-4366-9B4F-B9E9F896CF1D}.Debug|x64.ActiveCfg = Debug|Win32
		{8BAAFF94-EA92-4366-9B4F-B9E9F896CF1D}.Debug|x86.ActiveCfg = Debug|Win32
		{8BAAFF94-EA92-4366-9B4F-B9E9F896CF1D}.Debug|x86.Build.0 = Debug|Win32
		{8BAAFF94-EA92-4366-9B4F-B9E9F896CF1D}.Release|x64.ActiveCfg = Release|Win32
		{8BAAFF94-EA92-4366-9B4F-B9E9F896CF1D}.Release|x86.ActiveCfg = Release|Win32
		{8BAAFF94-EA92-4366-9B4F-B9E9F896CF1D}.Release|x86.Build.0 = Release|Win32
		{3CD1704B-FA01-4118-B162-17AF0D83D7CF}.Debug|x64.ActiveCfg = Debug|x64
		{3CD1704B-FA01-4118-B162-17AF0D83D7CF}.Debug|x64.Build.0 = Debug|x64
		{3CD1704B-FA01-4118-B162-17AF0D83D7CF}.Debug|x86.ActiveCfg = Debug|Win32
		{3CD1704B-FA01-4118-B162-17AF0D83D7CF}.Debug|x86.Build.0 = Debug|Win32
		{3CD1704B-FA01-4118-B162-17AF0D83D7CF}.Release|x64.ActiveCfg = Release|x64
		{3CD1704B-FA01-4118-B162-17AF0D83D7CF}.Release|x64.Build.0 = Release|x64
		{3CD1704B-FA01-4118-B162-17AF0D83D7CF}.Release|x86.ActiveCfg = Release|Win32
		{3CD1704B-FA01-4118-B162-17AF0D83D7CF}.Release|x86.Build.0 = Release|Win32
		{A20A6471-689F-4BC1-9455-5BDB988687F0}.Debug|x64.ActiveCfg = Debug|x64
		{A20A6471-689F-4BC1-9455-5BDB988687F0}.Debug|x64.Build.0 = Debug|x64
		{A20A6471-689F-4BC1-9455-5BDB988687F0}.Debug|x86.ActiveCfg = Debug|Win32
		{A20A6471-689F-4BC1-9455-5BDB988687F0}.Debug|x86.Build.0 = Debug|Win32
		{A20A6471-689F-4BC1-9455-5BDB988687F0}.Release|x64.ActiveCfg = Release|x64
		{A20A6471-689F-4BC1-9455-5BDB988687F0}.Release|x64.Build.0 = Release|x64
		{A20A6471-689F-4BC1-9455-5BDB988687F0}.Release|x86.ActiveCfg = Release|Win32
		{A20A6471-689F-4BC1-9455-5BDB988687F0}.Release|x86.Build.0 = Release|Win32
		{713B5079-4CC3-473A-9A8B-B6099ACFFE0C}.Debug|x64.ActiveCfg = Debug|x64
		{713B5079-4CC3-473A-9A8B-B6099ACFFE0C}.Debug|x64.Build.0 = Debug|x64
		{713B5079-4CC3-473A-9A8B-B6099ACFFE0C}.Debug|x86.ActiveCfg = Debug|Win32
		{713B5079-4CC3-473A-9A8B-B6099ACFFE0C}.Debug|x86.Build.0 = Debug|Win32
		{713B5079-4CC3-473A-9A8B-B6099ACFFE0C}.Release|x64.ActiveCfg = Release|x64
		{713B5079-4CC3-473A-9A8B-B6099ACFFE0C}.Release|x64.Build.0 = Release|x64
		{713B5079-4CC3-473A-9A8B-B6099ACFFE0C}.Release|x86.ActiveCfg = Release|Win32
		{713B5079-4CC3-473A-9A8B-B6099ACFFE0C}.Release|x86.Build.0 = Release|Win32
	EndGlobalSection
	GlobalSection(SolutionProperties) = preSolution
		HideSolutionNode = FALSE
	EndGlobalSection
	GlobalSection(ExtensibilityGlobals) = postSolution
		SolutionGuid = {88BA33E5-7F7E-442D-9560-07D0B6935F11}
	EndGlobalSection
EndGlobal
