
Microsoft Visual Studio Solution File, Format Version 12.00
# Visual Studio 14
VisualStudioVersion = 14.0.25420.1
MinimumVisualStudioVersion = 10.0.40219.1
Project("{8BC9CEB8-8B4A-11D0-8D11-00A0C91BC942}") = "NeaQuakeGL", "NeaQuake.vcxproj", "{8BAAFF94-EA92-4366-9B4F-B9E9F896CF1D}"
EndProject
Global
	GlobalSection(SolutionConfigurationPlatforms) = preSolution
		Debug|x86 = Debug|x86
		Release|x86 = Release|x86
	EndGlobalSection
	GlobalSection(ProjectConfigurationPlatforms) = postSolution
		{8BAAFF94-EA92-4366-9B4F-B9E9F896CF1D}.Debug|x86.ActiveCfg = Release|Win32
		{8BAAFF94-EA92-4366-9B4F-B9E9F896CF1D}.Debug|x86.Build.0 = Release|Win32
		{8BAAFF94-EA92-4366-9B4F-B9E9F896CF1D}.Release|x86.ActiveCfg = Release|Win32
		{8BAAFF94-EA92-4366-9B4F-B9E9F896CF1D}.Release|x86.Build.0 = Release|Win32
	EndGlobalSection
	GlobalSection(SolutionProperties) = preSolution
		HideSolutionNode = FALSE
	EndGlobalSection
EndGlobal
